<?xml version="1.0" encoding="utf-8"?>
<Project ToolsVersion="4.0" xmlns="http://schemas.microsoft.com/developer/msbuild/2003">
  <ItemGroup>
    <Filter Include="Source Files">
      <UniqueIdentifier>{4FC737F1-C7A5-4376-A066-2A32D752A2FF}</UniqueIdentifier>
      <Extensions>cpp;c;cc;cxx;c++;cppm;ixx;def;odl;idl;hpj;bat;asm;asmx</Extensions>
    </Filter>
    <Filter Include="Header Files">
      <UniqueIdentifier>{93995380-89BD-4b04-88EB-625FBE52EBFB}</UniqueIdentifier>
      <Extensions>h;hh;hpp;hxx;h++;hm;inl;inc;ipp;xsd</Extensions>
    </Filter>
    <Filter Include="Resource Files">
      <UniqueIdentifier>{67DA6AB6-F800-4c08-8B7A-83BB121AAD01}</UniqueIdentifier>
      <Extensions>rc;ico;cur;bmp;dlg;rc2;rct;bin;rgs;gif;jpg;jpeg;jpe;resx;tiff;tif;png;wav;mfcribbon-ms</Extensions>
    </Filter>
  </ItemGroup>
  <ItemGroup>
    <ClCompile Include="Main.cpp">
      <Filter>Source Files</Filter>
    </ClCompile>
    <ClCompile Include="Engine\Levels\Level.cpp">
      <Filter>Source Files</Filter>
    </ClCompile>
    <ClCompile Include="Core\Maths\Transform.cpp">
      <Filter>Source Files</Filter>
    </ClCompile>
    <ClCompile Include="Engine\Rendering\Model.cpp">
      <Filter>Source Files</Filter>
    </ClCompile>
    <ClCompile Include="Engine\Rendering\Graphics.cpp">
      <Filter>Source Files</Filter>
    </ClCompile>
    <ClCompile Include="Core\Debug.cpp">
      <Filter>Source Files</Filter>
    </ClCompile>
    <ClCompile Include="glad.c">
      <Filter>Source Files</Filter>
    </ClCompile>
    <ClCompile Include="Core\IO\FileIO.cpp">
      <Filter>Source Files</Filter>
    </ClCompile>
    <ClCompile Include="Engine\Rendering\Renderer.cpp">
      <Filter>Source Files</Filter>
    </ClCompile>
    <ClCompile Include="Core\Config.cpp">
      <Filter>Source Files</Filter>
    </ClCompile>
    <ClCompile Include="Engine\Assets\ModelImporter.cpp">
      <Filter>Source Files</Filter>
    </ClCompile>
    <ClCompile Include="stbi_impl.cpp">
      <Filter>Source Files</Filter>
    </ClCompile>
    <ClCompile Include="ThirdParty\imgui\backends\imgui_impl_glfw.cpp">
      <Filter>Source Files</Filter>
    </ClCompile>
    <ClCompile Include="ThirdParty\imgui\backends\imgui_impl_opengl3.cpp">
      <Filter>Source Files</Filter>
    </ClCompile>
    <ClCompile Include="ThirdParty\imgui\misc\cpp\imgui_stdlib.cpp">
      <Filter>Source Files</Filter>
    </ClCompile>
    <ClCompile Include="ThirdParty\imgui\imgui.cpp">
      <Filter>Source Files</Filter>
    </ClCompile>
    <ClCompile Include="ThirdParty\imgui\imgui_demo.cpp">
      <Filter>Source Files</Filter>
    </ClCompile>
    <ClCompile Include="ThirdParty\imgui\imgui_draw.cpp">
      <Filter>Source Files</Filter>
    </ClCompile>
    <ClCompile Include="ThirdParty\imgui\imgui_tables.cpp">
      <Filter>Source Files</Filter>
    </ClCompile>
    <ClCompile Include="ThirdParty\imgui\imgui_widgets.cpp">
      <Filter>Source Files</Filter>
    </ClCompile>
    <ClCompile Include="Engine\Rendering\Material.cpp">
      <Filter>Source Files</Filter>
    </ClCompile>
    <ClCompile Include="Engine\Animation\Skeleton.cpp">
      <Filter>Source Files</Filter>
    </ClCompile>
    <ClCompile Include="Engine\Animation\Animation.cpp">
      <Filter>Source Files</Filter>
    </ClCompile>
    <ClCompile Include="Engine\Animation\AnimPlayer.cpp">
      <Filter>Source Files</Filter>
    </ClCompile>
    <ClCompile Include="Engine\Assets\TextureImport.cpp">
      <Filter>Source Files</Filter>
    </ClCompile>
    <ClCompile Include="Core\IO\DevIO.cpp">
      <Filter>Source Files</Filter>
    </ClCompile>
    <ClCompile Include="Engine\Rendering\JoltDebugRenderer.cpp">
      <Filter>Source Files</Filter>
    </ClCompile>
    <ClCompile Include="Engine\Player\States\LocomotionState.cpp">
      <Filter>Source Files</Filter>
    </ClCompile>
    <ClCompile Include="Engine\Player\Input.cpp">
      <Filter>Source Files</Filter>
    </ClCompile>
    <ClCompile Include="Engine\Player\States\AirState.cpp">
      <Filter>Source Files</Filter>
    </ClCompile>
    <ClCompile Include="Engine\Assets\GmxImport.cpp">
      <Filter>Source Files</Filter>
    </ClCompile>
    <ClCompile Include="Core\Graphics\AABB.cpp">
      <Filter>Source Files</Filter>
    </ClCompile>
    <ClCompile Include="Engine\Physics\PhysicsInterface.cpp">
      <Filter>Source Files</Filter>
    </ClCompile>
    <ClCompile Include="Core\Graphics\Plane.cpp">
      <Filter>Source Files</Filter>
    </ClCompile>
    <ClCompile Include="Core\Graphics\Frustum.cpp">
      <Filter>Source Files</Filter>
    </ClCompile>
    <ClCompile Include="Engine\Player\States\ClimbState.cpp">
      <Filter>Source Files</Filter>
    </ClCompile>
    <ClCompile Include="Engine\Player\LaraController.cpp">
      <Filter>Source Files</Filter>
    </ClCompile>
    <ClCompile Include="Engine\ProjectSettings.cpp">
      <Filter>Source Files</Filter>
    </ClCompile>
    <ClCompile Include="Engine\Assets\AssetRegistry.cpp">
      <Filter>Source Files</Filter>
    </ClCompile>
    <ClCompile Include="Engine\Engine.cpp">
      <Filter>Source Files</Filter>
    </ClCompile>
    <ClCompile Include="Engine\Editor.cpp">
      <Filter>Source Files</Filter>
    </ClCompile>
    <ClCompile Include="Engine\Audio\Audio.cpp">
      <Filter>Source Files</Filter>
    </ClCompile>
    <ClCompile Include="Engine\Audio\AudioSystem.cpp">
      <Filter>Source Files</Filter>
    </ClCompile>
    <ClCompile Include="Engine\Physics\Physics.cpp">
      <Filter>Source Files</Filter>
    </ClCompile>
    <ClCompile Include="Core\Graphics\Triangle.cpp">
      <Filter>Source Files</Filter>
    </ClCompile>
    <ClCompile Include="Engine\Rendering\ShaderCache.cpp">
      <Filter>Source Files</Filter>
    </ClCompile>
    <ClCompile Include="Engine\Animation\SkeletonRetargetMap.cpp">
      <Filter>Source Files</Filter>
    </ClCompile>
    <ClCompile Include="Engine\Rendering\ShaderInstance.cpp">
      <Filter>Source Files</Filter>
    </ClCompile>
    <ClCompile Include="Engine\Rendering\MaterialTemplate.cpp">
      <Filter>Source Files</Filter>
    </ClCompile>
    <ClCompile Include="Engine\Rendering\MaterialInstance.cpp">
      <Filter>Source Files</Filter>
    </ClCompile>
  </ItemGroup>
  <ItemGroup>
    <ClInclude Include="Engine\Levels\Level.h">
      <Filter>Header Files</Filter>
    </ClInclude>
    <ClInclude Include="Core\Maths\Transform.h">
      <Filter>Header Files</Filter>
    </ClInclude>
    <ClInclude Include="Engine\Rendering\Model.h">
      <Filter>Header Files</Filter>
    </ClInclude>
    <ClInclude Include="Engine\Rendering\Graphics.h">
      <Filter>Header Files</Filter>
    </ClInclude>
    <ClInclude Include="Engine\Rendering\Material.h">
      <Filter>Header Files</Filter>
    </ClInclude>
    <ClInclude Include="Core\Debug.h">
      <Filter>Header Files</Filter>
    </ClInclude>
    <ClInclude Include="Core\IO\FileIO.h">
      <Filter>Header Files</Filter>
    </ClInclude>
    <ClInclude Include="Engine\Rendering\Renderer.h">
      <Filter>Header Files</Filter>
    </ClInclude>
    <ClInclude Include="Core\Config.h">
      <Filter>Header Files</Filter>
    </ClInclude>
    <ClInclude Include="Engine\Assets\ModelImporter.h">
      <Filter>Header Files</Filter>
    </ClInclude>
    <ClInclude Include="Engine\Rendering\Texture.h">
      <Filter>Header Files</Filter>
    </ClInclude>
    <ClInclude Include="Core\Maths\Maths.h">
      <Filter>Header Files</Filter>
    </ClInclude>
    <ClInclude Include="ThirdParty\imgui\backends\imgui_impl_glfw.h">
      <Filter>Header Files</Filter>
    </ClInclude>
    <ClInclude Include="ThirdParty\imgui\backends\imgui_impl_opengl3.h">
      <Filter>Header Files</Filter>
    </ClInclude>
    <ClInclude Include="ThirdParty\imgui\backends\imgui_impl_opengl3_loader.h">
      <Filter>Header Files</Filter>
    </ClInclude>
    <ClInclude Include="ThirdParty\imgui\misc\cpp\imgui_stdlib.h">
      <Filter>Header Files</Filter>
    </ClInclude>
    <ClInclude Include="ThirdParty\imgui\imconfig.h">
      <Filter>Header Files</Filter>
    </ClInclude>
    <ClInclude Include="ThirdParty\imgui\imgui.h">
      <Filter>Header Files</Filter>
    </ClInclude>
    <ClInclude Include="ThirdParty\imgui\imgui_internal.h">
      <Filter>Header Files</Filter>
    </ClInclude>
    <ClInclude Include="ThirdParty\imgui\imstb_rectpack.h">
      <Filter>Header Files</Filter>
    </ClInclude>
    <ClInclude Include="ThirdParty\imgui\imstb_textedit.h">
      <Filter>Header Files</Filter>
    </ClInclude>
    <ClInclude Include="ThirdParty\imgui\imstb_truetype.h">
      <Filter>Header Files</Filter>
    </ClInclude>
    <ClInclude Include="Engine\Animation\Skeleton.h">
      <Filter>Header Files</Filter>
    </ClInclude>
    <ClInclude Include="Engine\Animation\Animation.h">
      <Filter>Header Files</Filter>
    </ClInclude>
    <ClInclude Include="Engine\Animation\AnimPlayer.h">
      <Filter>Header Files</Filter>
    </ClInclude>
    <ClInclude Include="Engine\Player\Lara.h">
      <Filter>Header Files</Filter>
    </ClInclude>
    <ClInclude Include="Engine\Assets\TextureImport.h">
      <Filter>Header Files</Filter>
    </ClInclude>
    <ClInclude Include="Core\IO\DevIO.h">
      <Filter>Header Files</Filter>
    </ClInclude>
    <ClInclude Include="Engine\Rendering\JoltDebugRenderer.h">
      <Filter>Header Files</Filter>
    </ClInclude>
    <ClInclude Include="Core\Graphics\Line.h">
      <Filter>Header Files</Filter>
    </ClInclude>
    <ClInclude Include="Engine\Player\States\LocomotionState.h">
      <Filter>Header Files</Filter>
    </ClInclude>
    <ClInclude Include="Engine\Player\States\LaraState.h">
      <Filter>Header Files</Filter>
    </ClInclude>
    <ClInclude Include="Engine\Player\Input.h">
      <Filter>Header Files</Filter>
    </ClInclude>
    <ClInclude Include="Engine\Player\States\AirState.h">
      <Filter>Header Files</Filter>
    </ClInclude>
    <ClInclude Include="Engine\Player\LaraEnums.h">
      <Filter>Header Files</Filter>
    </ClInclude>
    <ClInclude Include="Engine\Assets\GmxImport.h">
      <Filter>Header Files</Filter>
    </ClInclude>
    <ClInclude Include="Core\Graphics\AABB.h">
      <Filter>Header Files</Filter>
    </ClInclude>
    <ClInclude Include="Engine\Physics\PhysicsInterface.h">
      <Filter>Header Files</Filter>
    </ClInclude>
    <ClInclude Include="Core\Graphics\Plane.h">
      <Filter>Header Files</Filter>
    </ClInclude>
    <ClInclude Include="Core\Graphics\Frustum.h">
      <Filter>Header Files</Filter>
    </ClInclude>
    <ClInclude Include="Engine\Rendering\ShaderInstance.h">
      <Filter>Header Files</Filter>
    </ClInclude>
    <ClInclude Include="Engine\Player\States\ClimbState.h">
      <Filter>Header Files</Filter>
    </ClInclude>
    <ClInclude Include="Engine\Physics\PlayerFilters.h">
      <Filter>Header Files</Filter>
    </ClInclude>
    <ClInclude Include="Engine\Player\LaraController.h">
      <Filter>Header Files</Filter>
    </ClInclude>
    <ClInclude Include="Engine\ProjectSettings.h">
      <Filter>Header Files</Filter>
    </ClInclude>
    <ClInclude Include="Engine\Assets\AssetRegistry.h">
      <Filter>Header Files</Filter>
    </ClInclude>
    <ClInclude Include="Engine\Assets\AssetId.h">
      <Filter>Header Files</Filter>
    </ClInclude>
    <ClInclude Include="Core\Graphics\Color.h">
      <Filter>Header Files</Filter>
    </ClInclude>
    <ClInclude Include="Core\IO\BinaryWriter.h">
      <Filter>Header Files</Filter>
    </ClInclude>
    <ClInclude Include="Core\IO\BinaryReader.h">
      <Filter>Header Files</Filter>
    </ClInclude>
    <ClInclude Include="Engine\Editor.h">
      <Filter>Header Files</Filter>
    </ClInclude>
    <ClInclude Include="Engine\Engine.h">
      <Filter>Header Files</Filter>
    </ClInclude>
    <ClInclude Include="Engine\Audio\Audio.h">
      <Filter>Header Files</Filter>
    </ClInclude>
    <ClInclude Include="Engine\Audio\Sound.h">
      <Filter>Header Files</Filter>
    </ClInclude>
    <ClInclude Include="Engine\Audio\AudioSystem.h">
      <Filter>Header Files</Filter>
    </ClInclude>
    <ClInclude Include="Engine\Events\EventBus.h">
      <Filter>Header Files</Filter>
    </ClInclude>
    <ClInclude Include="Engine\Physics\Physics.h">
      <Filter>Header Files</Filter>
    </ClInclude>
    <ClInclude Include="Engine\Physics\PhysicsLayers.h">
      <Filter>Header Files</Filter>
    </ClInclude>
    <ClInclude Include="Core\Graphics\Triangle.h">
      <Filter>Header Files</Filter>
    </ClInclude>
    <ClInclude Include="Engine\Rendering\ShaderCache.h">
      <Filter>Header Files</Filter>
    </ClInclude>
    <ClInclude Include="Engine\Animation\AnimationSet.h">
      <Filter>Header Files</Filter>
    </ClInclude>
    <ClInclude Include="Engine\Player\LaraConfig.h">
      <Filter>Header Files</Filter>
    </ClInclude>
    <ClInclude Include="Engine\Levels\CollisionMesh.h">
      <Filter>Header Files</Filter>
    </ClInclude>
    <ClInclude Include="Engine\Animation\SkeletonRetargetMap.h">
      <Filter>Header Files</Filter>
    </ClInclude>
    <ClInclude Include="Engine\Rendering\MaterialTemplate.h">
      <Filter>Header Files</Filter>
    </ClInclude>
    <ClInclude Include="Engine\Rendering\MaterialInstance.h">
      <Filter>Header Files</Filter>
    </ClInclude>
  </ItemGroup>
  <ItemGroup>
    <None Include="Shaders\ForwardLit_Phong.frag">
      <Filter>Resource Files</Filter>
    </None>
    <None Include="Shaders\StaticMesh.vert">
      <Filter>Resource Files</Filter>
    </None>
    <None Include="ThirdParty\imgui\misc\debuggers\imgui.natstepfilter" />
    <None Include="ThirdParty\imgui\misc\debuggers\imgui.gdb" />
    <None Include="Shaders\SkinnedMesh.vert" />
    <None Include="Shaders\VertexColorUnlit.frag" />
    <None Include="Shaders\PositionColor.vert" />
    <None Include="packages.config" />
    <None Include="Shaders\UniformColorUnlit.frag" />
    <None Include="Shaders\ForwardLit_PBR.frag" />
  </ItemGroup>
  <ItemGroup>
    <Natvis Include="ThirdParty\imgui\misc\debuggers\imgui.natvis" />
  </ItemGroup>
</Project>